// !$*UTF8*$!
{
	archiveVersion = 1;
	classes = {
	};
	objectVersion = 52;
	objects = {

/* Begin PBXBuildFile section */
		CD18853B26C90B4400FE8DF6 /* AppDelegate.swift in Sources */ = {isa = PBXBuildFile; fileRef = CD18853A26C90B4400FE8DF6 /* AppDelegate.swift */; };
		CD18853D26C90B4400FE8DF6 /* SceneDelegate.swift in Sources */ = {isa = PBXBuildFile; fileRef = CD18853C26C90B4400FE8DF6 /* SceneDelegate.swift */; };
		CD18853F26C90B4400FE8DF6 /* ViewController.swift in Sources */ = {isa = PBXBuildFile; fileRef = CD18853E26C90B4400FE8DF6 /* ViewController.swift */; };
		CD18854226C90B4400FE8DF6 /* Main.storyboard in Resources */ = {isa = PBXBuildFile; fileRef = CD18854026C90B4400FE8DF6 /* Main.storyboard */; };
		CD18854526C90B4400FE8DF6 /* Will_I_Burn.xcdatamodeld in Sources */ = {isa = PBXBuildFile; fileRef = CD18854326C90B4400FE8DF6 /* Will_I_Burn.xcdatamodeld */; };
		CD18854726C90B4500FE8DF6 /* Assets.xcassets in Resources */ = {isa = PBXBuildFile; fileRef = CD18854626C90B4500FE8DF6 /* Assets.xcassets */; };
		CD18854A26C90B4500FE8DF6 /* LaunchScreen.storyboard in Resources */ = {isa = PBXBuildFile; fileRef = CD18854826C90B4500FE8DF6 /* LaunchScreen.storyboard */; };
		CD18856B26C9110200FE8DF6 /* Quicksand-LightItalic.otf in Resources */ = {isa = PBXBuildFile; fileRef = CD18856426C9110200FE8DF6 /* Quicksand-LightItalic.otf */; };
		CD18856C26C9110200FE8DF6 /* Quicksand-Light.otf in Resources */ = {isa = PBXBuildFile; fileRef = CD18856526C9110200FE8DF6 /* Quicksand-Light.otf */; };
		CD18856D26C9110200FE8DF6 /* Quicksand-Regular.otf in Resources */ = {isa = PBXBuildFile; fileRef = CD18856626C9110200FE8DF6 /* Quicksand-Regular.otf */; };
		CD18856E26C9110200FE8DF6 /* Quicksand-Italic.otf in Resources */ = {isa = PBXBuildFile; fileRef = CD18856726C9110200FE8DF6 /* Quicksand-Italic.otf */; };
		CD18856F26C9110200FE8DF6 /* Quicksand-Bold.otf in Resources */ = {isa = PBXBuildFile; fileRef = CD18856826C9110200FE8DF6 /* Quicksand-Bold.otf */; };
		CD18857026C9110200FE8DF6 /* Quicksand-BoldItalic.otf in Resources */ = {isa = PBXBuildFile; fileRef = CD18856926C9110200FE8DF6 /* Quicksand-BoldItalic.otf */; };
		CD18857226C9168300FE8DF6 /* UserDefFunctions.swift in Sources */ = {isa = PBXBuildFile; fileRef = CD18857126C9168300FE8DF6 /* UserDefFunctions.swift */; };
		CD3A2AC226CA6A0E0091CCB1 /* mainData.swift in Sources */ = {isa = PBXBuildFile; fileRef = CD3A2AC126CA6A0E0091CCB1 /* mainData.swift */; };
		CD3A2AC626CA81E80091CCB1 /* BurnTime.swift in Sources */ = {isa = PBXBuildFile; fileRef = CD3A2AC526CA81E80091CCB1 /* BurnTime.swift */; };
		CDC7D76B26C929950019315B /* Alamofire in Frameworks */ = {isa = PBXBuildFile; productRef = CDC7D76A26C929950019315B /* Alamofire */; };
		CDC7D76D26C92BE60019315B /* ConstructURL.swift in Sources */ = {isa = PBXBuildFile; fileRef = CDC7D76C26C92BE60019315B /* ConstructURL.swift */; };
		CDC7D76F26C933F90019315B /* SkinTypes.swift in Sources */ = {isa = PBXBuildFile; fileRef = CDC7D76E26C933F90019315B /* SkinTypes.swift */; };
		CDC7D77126C934960019315B /* LocationWeather.swift in Sources */ = {isa = PBXBuildFile; fileRef = CDC7D77026C934960019315B /* LocationWeather.swift */; };
		CDC7D77326C94E3C0019315B /* Response.swift in Sources */ = {isa = PBXBuildFile; fileRef = CDC7D77226C94E3C0019315B /* Response.swift */; };
/* End PBXBuildFile section */

/* Begin PBXFileReference section */
		CD18853726C90B4400FE8DF6 /* Will I Burn.app */ = {isa = PBXFileReference; explicitFileType = wrapper.application; includeInIndex = 0; path = "Will I Burn.app"; sourceTree = BUILT_PRODUCTS_DIR; };
		CD18853A26C90B4400FE8DF6 /* AppDelegate.swift */ = {isa = PBXFileReference; lastKnownFileType = sourcecode.swift; path = AppDelegate.swift; sourceTree = "<group>"; };
		CD18853C26C90B4400FE8DF6 /* SceneDelegate.swift */ = {isa = PBXFileReference; lastKnownFileType = sourcecode.swift; path = SceneDelegate.swift; sourceTree = "<group>"; };
		CD18853E26C90B4400FE8DF6 /* ViewController.swift */ = {isa = PBXFileReference; lastKnownFileType = sourcecode.swift; path = ViewController.swift; sourceTree = "<group>"; };
		CD18854126C90B4400FE8DF6 /* Base */ = {isa = PBXFileReference; lastKnownFileType = file.storyboard; name = Base; path = Base.lproj/Main.storyboard; sourceTree = "<group>"; };
		CD18854426C90B4400FE8DF6 /* Will_I_Burn.xcdatamodel */ = {isa = PBXFileReference; lastKnownFileType = wrapper.xcdatamodel; path = Will_I_Burn.xcdatamodel; sourceTree = "<group>"; };
		CD18854626C90B4500FE8DF6 /* Assets.xcassets */ = {isa = PBXFileReference; lastKnownFileType = folder.assetcatalog; path = Assets.xcassets; sourceTree = "<group>"; };
		CD18854926C90B4500FE8DF6 /* Base */ = {isa = PBXFileReference; lastKnownFileType = file.storyboard; name = Base; path = Base.lproj/LaunchScreen.storyboard; sourceTree = "<group>"; };
		CD18854B26C90B4500FE8DF6 /* Info.plist */ = {isa = PBXFileReference; lastKnownFileType = text.plist.xml; path = Info.plist; sourceTree = "<group>"; };
		CD18856426C9110200FE8DF6 /* Quicksand-LightItalic.otf */ = {isa = PBXFileReference; lastKnownFileType = file; path = "Quicksand-LightItalic.otf"; sourceTree = "<group>"; };
		CD18856526C9110200FE8DF6 /* Quicksand-Light.otf */ = {isa = PBXFileReference; lastKnownFileType = file; path = "Quicksand-Light.otf"; sourceTree = "<group>"; };
		CD18856626C9110200FE8DF6 /* Quicksand-Regular.otf */ = {isa = PBXFileReference; lastKnownFileType = file; path = "Quicksand-Regular.otf"; sourceTree = "<group>"; };
		CD18856726C9110200FE8DF6 /* Quicksand-Italic.otf */ = {isa = PBXFileReference; lastKnownFileType = file; path = "Quicksand-Italic.otf"; sourceTree = "<group>"; };
		CD18856826C9110200FE8DF6 /* Quicksand-Bold.otf */ = {isa = PBXFileReference; lastKnownFileType = file; path = "Quicksand-Bold.otf"; sourceTree = "<group>"; };
		CD18856926C9110200FE8DF6 /* Quicksand-BoldItalic.otf */ = {isa = PBXFileReference; lastKnownFileType = file; path = "Quicksand-BoldItalic.otf"; sourceTree = "<group>"; };
		CD18857126C9168300FE8DF6 /* UserDefFunctions.swift */ = {isa = PBXFileReference; lastKnownFileType = sourcecode.swift; path = UserDefFunctions.swift; sourceTree = "<group>"; };
		CD3A2AC126CA6A0E0091CCB1 /* mainData.swift */ = {isa = PBXFileReference; lastKnownFileType = sourcecode.swift; path = mainData.swift; sourceTree = "<group>"; };
		CD3A2AC526CA81E80091CCB1 /* BurnTime.swift */ = {isa = PBXFileReference; lastKnownFileType = sourcecode.swift; path = BurnTime.swift; sourceTree = "<group>"; };
		CDC7D76C26C92BE60019315B /* ConstructURL.swift */ = {isa = PBXFileReference; lastKnownFileType = sourcecode.swift; path = ConstructURL.swift; sourceTree = "<group>"; };
		CDC7D76E26C933F90019315B /* SkinTypes.swift */ = {isa = PBXFileReference; lastKnownFileType = sourcecode.swift; path = SkinTypes.swift; sourceTree = "<group>"; };
		CDC7D77026C934960019315B /* LocationWeather.swift */ = {isa = PBXFileReference; lastKnownFileType = sourcecode.swift; path = LocationWeather.swift; sourceTree = "<group>"; };
		CDC7D77226C94E3C0019315B /* Response.swift */ = {isa = PBXFileReference; lastKnownFileType = sourcecode.swift; path = Response.swift; sourceTree = "<group>"; };
/* End PBXFileReference section */

/* Begin PBXFrameworksBuildPhase section */
		CD18853426C90B4400FE8DF6 /* Frameworks */ = {
			isa = PBXFrameworksBuildPhase;
			buildActionMask = 2147483647;
			files = (
				CDC7D76B26C929950019315B /* Alamofire in Frameworks */,
			);
			runOnlyForDeploymentPostprocessing = 0;
		};
/* End PBXFrameworksBuildPhase section */

/* Begin PBXGroup section */
		CD18852E26C90B4400FE8DF6 = {
			isa = PBXGroup;
			children = (
				CD18853926C90B4400FE8DF6 /* Will I Burn */,
				CD18853826C90B4400FE8DF6 /* Products */,
			);
			sourceTree = "<group>";
		};
		CD18853826C90B4400FE8DF6 /* Products */ = {
			isa = PBXGroup;
			children = (
				CD18853726C90B4400FE8DF6 /* Will I Burn.app */,
			);
			name = Products;
			sourceTree = "<group>";
		};
		CD18853926C90B4400FE8DF6 /* Will I Burn */ = {
			isa = PBXGroup;
			children = (
				CD18855126C90EFB00FE8DF6 /* Resources */,
				CD18853A26C90B4400FE8DF6 /* AppDelegate.swift */,
				CD18853C26C90B4400FE8DF6 /* SceneDelegate.swift */,
				CD18854626C90B4500FE8DF6 /* Assets.xcassets */,
				CD18854826C90B4500FE8DF6 /* LaunchScreen.storyboard */,
				CD18854B26C90B4500FE8DF6 /* Info.plist */,
				CD18854326C90B4400FE8DF6 /* Will_I_Burn.xcdatamodeld */,
				CD18854026C90B4400FE8DF6 /* Main.storyboard */,
				CD18853E26C90B4400FE8DF6 /* ViewController.swift */,
				CDC7D77026C934960019315B /* LocationWeather.swift */,
				CD3A2AC326CA6A210091CCB1 /* JSON */,
				CD3A2AC426CA6A7C0091CCB1 /* Utilities */,
			);
			path = "Will I Burn";
			sourceTree = "<group>";
		};
		CD18855126C90EFB00FE8DF6 /* Resources */ = {
			isa = PBXGroup;
			children = (
				CD18856826C9110200FE8DF6 /* Quicksand-Bold.otf */,
				CD18856926C9110200FE8DF6 /* Quicksand-BoldItalic.otf */,
				CD18856726C9110200FE8DF6 /* Quicksand-Italic.otf */,
				CD18856526C9110200FE8DF6 /* Quicksand-Light.otf */,
				CD18856426C9110200FE8DF6 /* Quicksand-LightItalic.otf */,
				CD18856626C9110200FE8DF6 /* Quicksand-Regular.otf */,
			);
			path = Resources;
			sourceTree = "<group>";
		};
		CD3A2AC326CA6A210091CCB1 /* JSON */ = {
			isa = PBXGroup;
			children = (
				CD3A2AC126CA6A0E0091CCB1 /* mainData.swift */,
				CDC7D77226C94E3C0019315B /* Response.swift */,
			);
			path = JSON;
			sourceTree = "<group>";
		};
		CD3A2AC426CA6A7C0091CCB1 /* Utilities */ = {
			isa = PBXGroup;
			children = (
				CDC7D76C26C92BE60019315B /* ConstructURL.swift */,
				CD18857126C9168300FE8DF6 /* UserDefFunctions.swift */,
				CDC7D76E26C933F90019315B /* SkinTypes.swift */,
				CD3A2AC526CA81E80091CCB1 /* BurnTime.swift */,
			);
			path = Utilities;
			sourceTree = "<group>";
		};
/* End PBXGroup section */

/* Begin PBXNativeTarget section */
		CD18853626C90B4400FE8DF6 /* Will I Burn */ = {
			isa = PBXNativeTarget;
			buildConfigurationList = CD18854E26C90B4500FE8DF6 /* Build configuration list for PBXNativeTarget "Will I Burn" */;
			buildPhases = (
				CD18853326C90B4400FE8DF6 /* Sources */,
				CD18853426C90B4400FE8DF6 /* Frameworks */,
				CD18853526C90B4400FE8DF6 /* Resources */,
			);
			buildRules = (
			);
			dependencies = (
			);
			name = "Will I Burn";
			packageProductDependencies = (
				CDC7D76A26C929950019315B /* Alamofire */,
			);
			productName = "Will I Burn";
			productReference = CD18853726C90B4400FE8DF6 /* Will I Burn.app */;
			productType = "com.apple.product-type.application";
		};
/* End PBXNativeTarget section */

/* Begin PBXProject section */
		CD18852F26C90B4400FE8DF6 /* Project object */ = {
			isa = PBXProject;
			attributes = {
				LastSwiftUpdateCheck = 1250;
				LastUpgradeCheck = 1250;
				TargetAttributes = {
					CD18853626C90B4400FE8DF6 = {
						CreatedOnToolsVersion = 12.5.1;
					};
				};
			};
			buildConfigurationList = CD18853226C90B4400FE8DF6 /* Build configuration list for PBXProject "Will I Burn" */;
			compatibilityVersion = "Xcode 9.3";
			developmentRegion = en;
			hasScannedForEncodings = 0;
			knownRegions = (
				en,
				Base,
			);
			mainGroup = CD18852E26C90B4400FE8DF6;
			packageReferences = (
				CDC7D76926C929950019315B /* XCRemoteSwiftPackageReference "Alamofire" */,
			);
			productRefGroup = CD18853826C90B4400FE8DF6 /* Products */;
			projectDirPath = "";
			projectRoot = "";
			targets = (
				CD18853626C90B4400FE8DF6 /* Will I Burn */,
			);
		};
/* End PBXProject section */

/* Begin PBXResourcesBuildPhase section */
		CD18853526C90B4400FE8DF6 /* Resources */ = {
			isa = PBXResourcesBuildPhase;
			buildActionMask = 2147483647;
			files = (
				CD18857026C9110200FE8DF6 /* Quicksand-BoldItalic.otf in Resources */,
				CD18856C26C9110200FE8DF6 /* Quicksand-Light.otf in Resources */,
				CD18856E26C9110200FE8DF6 /* Quicksand-Italic.otf in Resources */,
				CD18854A26C90B4500FE8DF6 /* LaunchScreen.storyboard in Resources */,
				CD18854726C90B4500FE8DF6 /* Assets.xcassets in Resources */,
				CD18854226C90B4400FE8DF6 /* Main.storyboard in Resources */,
				CD18856D26C9110200FE8DF6 /* Quicksand-Regular.otf in Resources */,
				CD18856F26C9110200FE8DF6 /* Quicksand-Bold.otf in Resources */,
				CD18856B26C9110200FE8DF6 /* Quicksand-LightItalic.otf in Resources */,
			);
			runOnlyForDeploymentPostprocessing = 0;
		};
/* End PBXResourcesBuildPhase section */

/* Begin PBXSourcesBuildPhase section */
		CD18853326C90B4400FE8DF6 /* Sources */ = {
			isa = PBXSourcesBuildPhase;
			buildActionMask = 2147483647;
			files = (
				CD18853F26C90B4400FE8DF6 /* ViewController.swift in Sources */,
				CD18853B26C90B4400FE8DF6 /* AppDelegate.swift in Sources */,
				CD18854526C90B4400FE8DF6 /* Will_I_Burn.xcdatamodeld in Sources */,
				CDC7D76F26C933F90019315B /* SkinTypes.swift in Sources */,
				CD3A2AC226CA6A0E0091CCB1 /* mainData.swift in Sources */,
				CDC7D77326C94E3C0019315B /* Response.swift in Sources */,
				CDC7D77126C934960019315B /* LocationWeather.swift in Sources */,
				CD3A2AC626CA81E80091CCB1 /* BurnTime.swift in Sources */,
				CD18857226C9168300FE8DF6 /* UserDefFunctions.swift in Sources */,
				CD18853D26C90B4400FE8DF6 /* SceneDelegate.swift in Sources */,
				CDC7D76D26C92BE60019315B /* ConstructURL.swift in Sources */,
			);
			runOnlyForDeploymentPostprocessing = 0;
		};
/* End PBXSourcesBuildPhase section */

/* Begin PBXVariantGroup section */
		CD18854026C90B4400FE8DF6 /* Main.storyboard */ = {
			isa = PBXVariantGroup;
			children = (
				CD18854126C90B4400FE8DF6 /* Base */,
			);
			name = Main.storyboard;
			sourceTree = "<group>";
		};
		CD18854826C90B4500FE8DF6 /* LaunchScreen.storyboard */ = {
			isa = PBXVariantGroup;
			children = (
				CD18854926C90B4500FE8DF6 /* Base */,
			);
			name = LaunchScreen.storyboard;
			sourceTree = "<group>";
		};
/* End PBXVariantGroup section */

/* Begin XCBuildConfiguration section */
		CD18854C26C90B4500FE8DF6 /* Debug */ = {
			isa = XCBuildConfiguration;
			buildSettings = {
				ALWAYS_SEARCH_USER_PATHS = NO;
				CLANG_ANALYZER_NONNULL = YES;
				CLANG_ANALYZER_NUMBER_OBJECT_CONVERSION = YES_AGGRESSIVE;
				CLANG_CXX_LANGUAGE_STANDARD = "gnu++14";
				CLANG_CXX_LIBRARY = "libc++";
				CLANG_ENABLE_MODULES = YES;
				CLANG_ENABLE_OBJC_ARC = YES;
				CLANG_ENABLE_OBJC_WEAK = YES;
				CLANG_WARN_BLOCK_CAPTURE_AUTORELEASING = YES;
				CLANG_WARN_BOOL_CONVERSION = YES;
				CLANG_WARN_COMMA = YES;
				CLANG_WARN_CONSTANT_CONVERSION = YES;
				CLANG_WARN_DEPRECATED_OBJC_IMPLEMENTATIONS = YES;
				CLANG_WARN_DIRECT_OBJC_ISA_USAGE = YES_ERROR;
				CLANG_WARN_DOCUMENTATION_COMMENTS = YES;
				CLANG_WARN_EMPTY_BODY = YES;
				CLANG_WARN_ENUM_CONVERSION = YES;
				CLANG_WARN_INFINITE_RECURSION = YES;
				CLANG_WARN_INT_CONVERSION = YES;
				CLANG_WARN_NON_LITERAL_NULL_CONVERSION = YES;
				CLANG_WARN_OBJC_IMPLICIT_RETAIN_SELF = YES;
				CLANG_WARN_OBJC_LITERAL_CONVERSION = YES;
				CLANG_WARN_OBJC_ROOT_CLASS = YES_ERROR;
				CLANG_WARN_QUOTED_INCLUDE_IN_FRAMEWORK_HEADER = YES;
				CLANG_WARN_RANGE_LOOP_ANALYSIS = YES;
				CLANG_WARN_STRICT_PROTOTYPES = YES;
				CLANG_WARN_SUSPICIOUS_MOVE = YES;
				CLANG_WARN_UNGUARDED_AVAILABILITY = YES_AGGRESSIVE;
				CLANG_WARN_UNREACHABLE_CODE = YES;
				CLANG_WARN__DUPLICATE_METHOD_MATCH = YES;
				COPY_PHASE_STRIP = NO;
				DEBUG_INFORMATION_FORMAT = dwarf;
				ENABLE_STRICT_OBJC_MSGSEND = YES;
				ENABLE_TESTABILITY = YES;
				GCC_C_LANGUAGE_STANDARD = gnu11;
				GCC_DYNAMIC_NO_PIC = NO;
				GCC_NO_COMMON_BLOCKS = YES;
				GCC_OPTIMIZATION_LEVEL = 0;
				GCC_PREPROCESSOR_DEFINITIONS = (
					"DEBUG=1",
					"$(inherited)",
				);
				GCC_WARN_64_TO_32_BIT_CONVERSION = YES;
				GCC_WARN_ABOUT_RETURN_TYPE = YES_ERROR;
				GCC_WARN_UNDECLARED_SELECTOR = YES;
				GCC_WARN_UNINITIALIZED_AUTOS = YES_AGGRESSIVE;
				GCC_WARN_UNUSED_FUNCTION = YES;
				GCC_WARN_UNUSED_VARIABLE = YES;
				IPHONEOS_DEPLOYMENT_TARGET = 14.5;
				MTL_ENABLE_DEBUG_INFO = INCLUDE_SOURCE;
				MTL_FAST_MATH = YES;
				ONLY_ACTIVE_ARCH = YES;
				SDKROOT = iphoneos;
				SWIFT_ACTIVE_COMPILATION_CONDITIONS = DEBUG;
				SWIFT_OPTIMIZATION_LEVEL = "-Onone";
			};
			name = Debug;
		};
		CD18854D26C90B4500FE8DF6 /* Release */ = {
			isa = XCBuildConfiguration;
			buildSettings = {
				ALWAYS_SEARCH_USER_PATHS = NO;
				CLANG_ANALYZER_NONNULL = YES;
				CLANG_ANALYZER_NUMBER_OBJECT_CONVERSION = YES_AGGRESSIVE;
				CLANG_CXX_LANGUAGE_STANDARD = "gnu++14";
				CLANG_CXX_LIBRARY = "libc++";
				CLANG_ENABLE_MODULES = YES;
				CLANG_ENABLE_OBJC_ARC = YES;
				CLANG_ENABLE_OBJC_WEAK = YES;
				CLANG_WARN_BLOCK_CAPTURE_AUTORELEASING = YES;
				CLANG_WARN_BOOL_CONVERSION = YES;
				CLANG_WARN_COMMA = YES;
				CLANG_WARN_CONSTANT_CONVERSION = YES;
				CLANG_WARN_DEPRECATED_OBJC_IMPLEMENTATIONS = YES;
				CLANG_WARN_DIRECT_OBJC_ISA_USAGE = YES_ERROR;
				CLANG_WARN_DOCUMENTATION_COMMENTS = YES;
				CLANG_WARN_EMPTY_BODY = YES;
				CLANG_WARN_ENUM_CONVERSION = YES;
				CLANG_WARN_INFINITE_RECURSION = YES;
				CLANG_WARN_INT_CONVERSION = YES;
				CLANG_WARN_NON_LITERAL_NULL_CONVERSION = YES;
				CLANG_WARN_OBJC_IMPLICIT_RETAIN_SELF = YES;
				CLANG_WARN_OBJC_LITERAL_CONVERSION = YES;
				CLANG_WARN_OBJC_ROOT_CLASS = YES_ERROR;
				CLANG_WARN_QUOTED_INCLUDE_IN_FRAMEWORK_HEADER = YES;
				CLANG_WARN_RANGE_LOOP_ANALYSIS = YES;
				CLANG_WARN_STRICT_PROTOTYPES = YES;
				CLANG_WARN_SUSPICIOUS_MOVE = YES;
				CLANG_WARN_UNGUARDED_AVAILABILITY = YES_AGGRESSIVE;
				CLANG_WARN_UNREACHABLE_CODE = YES;
				CLANG_WARN__DUPLICATE_METHOD_MATCH = YES;
				COPY_PHASE_STRIP = NO;
				DEBUG_INFORMATION_FORMAT = "dwarf-with-dsym";
				ENABLE_NS_ASSERTIONS = NO;
				ENABLE_STRICT_OBJC_MSGSEND = YES;
				GCC_C_LANGUAGE_STANDARD = gnu11;
				GCC_NO_COMMON_BLOCKS = YES;
				GCC_WARN_64_TO_32_BIT_CONVERSION = YES;
				GCC_WARN_ABOUT_RETURN_TYPE = YES_ERROR;
				GCC_WARN_UNDECLARED_SELECTOR = YES;
				GCC_WARN_UNINITIALIZED_AUTOS = YES_AGGRESSIVE;
				GCC_WARN_UNUSED_FUNCTION = YES;
				GCC_WARN_UNUSED_VARIABLE = YES;
				IPHONEOS_DEPLOYMENT_TARGET = 14.5;
				MTL_ENABLE_DEBUG_INFO = NO;
				MTL_FAST_MATH = YES;
				SDKROOT = iphoneos;
				SWIFT_COMPILATION_MODE = wholemodule;
				SWIFT_OPTIMIZATION_LEVEL = "-O";
				VALIDATE_PRODUCT = YES;
			};
			name = Release;
		};
		CD18854F26C90B4500FE8DF6 /* Debug */ = {
			isa = XCBuildConfiguration;
			buildSettings = {
				ASSETCATALOG_COMPILER_APPICON_NAME = AppIcon;
				ASSETCATALOG_COMPILER_GLOBAL_ACCENT_COLOR_NAME = AccentColor;
				CODE_SIGN_STYLE = Automatic;
				DEVELOPMENT_TEAM = H6ZYPP6257;
				INFOPLIST_FILE = "Will I Burn/Info.plist";
				LD_RUNPATH_SEARCH_PATHS = (
					"$(inherited)",
					"@executable_path/Frameworks",
				);
				PRODUCT_BUNDLE_IDENTIFIER = "mes.Will-I-Burn";
				PRODUCT_NAME = "$(TARGET_NAME)";
				SWIFT_VERSION = 5.0;
				TARGETED_DEVICE_FAMILY = "1,2";
			};
			name = Debug;
		};
		CD18855026C90B4500FE8DF6 /* Release */ = {
			isa = XCBuildConfiguration;
			buildSettings = {
				ASSETCATALOG_COMPILER_APPICON_NAME = AppIcon;
				ASSETCATALOG_COMPILER_GLOBAL_ACCENT_COLOR_NAME = AccentColor;
				CODE_SIGN_STYLE = Automatic;
				DEVELOPMENT_TEAM = H6ZYPP6257;
				INFOPLIST_FILE = "Will I Burn/Info.plist";
				LD_RUNPATH_SEARCH_PATHS = (
					"$(inherited)",
					"@executable_path/Frameworks",
				);
				PRODUCT_BUNDLE_IDENTIFIER = "mes.Will-I-Burn";
				PRODUCT_NAME = "$(TARGET_NAME)";
				SWIFT_VERSION = 5.0;
				TARGETED_DEVICE_FAMILY = "1,2";
			};
			name = Release;
		};
/* End XCBuildConfiguration section */

/* Begin XCConfigurationList section */
		CD18853226C90B4400FE8DF6 /* Build configuration list for PBXProject "Will I Burn" */ = {
			isa = XCConfigurationList;
			buildConfigurations = (
				CD18854C26C90B4500FE8DF6 /* Debug */,
				CD18854D26C90B4500FE8DF6 /* Release */,
			);
			defaultConfigurationIsVisible = 0;
			defaultConfigurationName = Release;
		};
		CD18854E26C90B4500FE8DF6 /* Build configuration list for PBXNativeTarget "Will I Burn" */ = {
			isa = XCConfigurationList;
			buildConfigurations = (
				CD18854F26C90B4500FE8DF6 /* Debug */,
				CD18855026C90B4500FE8DF6 /* Release */,
			);
			defaultConfigurationIsVisible = 0;
			defaultConfigurationName = Release;
		};
/* End XCConfigurationList section */

/* Begin XCRemoteSwiftPackageReference section */
		CDC7D76926C929950019315B /* XCRemoteSwiftPackageReference "Alamofire" */ = {
			isa = XCRemoteSwiftPackageReference;
			repositoryURL = "https://github.com/Alamofire/Alamofire.git";
			requirement = {
				kind = upToNextMajorVersion;
				minimumVersion = 5.4.3;
			};
		};
/* End XCRemoteSwiftPackageReference section */

/* Begin XCSwiftPackageProductDependency section */
		CDC7D76A26C929950019315B /* Alamofire */ = {
			isa = XCSwiftPackageProductDependency;
			package = CDC7D76926C929950019315B /* XCRemoteSwiftPackageReference "Alamofire" */;
			productName = Alamofire;
		};
/* End XCSwiftPackageProductDependency section */

/* Begin XCVersionGroup section */
		CD18854326C90B4400FE8DF6 /* Will_I_Burn.xcdatamodeld */ = {
			isa = XCVersionGroup;
			children = (
				CD18854426C90B4400FE8DF6 /* Will_I_Burn.xcdatamodel */,
			);
			currentVersion = CD18854426C90B4400FE8DF6 /* Will_I_Burn.xcdatamodel */;
			path = Will_I_Burn.xcdatamodeld;
			sourceTree = "<group>";
			versionGroupType = wrapper.xcdatamodel;
		};
/* End XCVersionGroup section */
	};
	rootObject = CD18852F26C90B4400FE8DF6 /* Project object */;
}
